
Microsoft Visual Studio Solution File, Format Version 12.00
# Visual Studio 15
VisualStudioVersion = 15.0.26730.16
MinimumVisualStudioVersion = 10.0.40219.1
Project("{FAE04EC0-301F-11D3-BF4B-00C04F79EFBC}") = "CookieOrders", "CookieOrders\CookieOrders.csproj", "{4A9303FE-78F0-4848-8F54-DBB8B2EBCACB}"
EndProject
Global
	GlobalSection(SolutionConfigurationPlatforms) = preSolution
		Debug|Any CPU = Debug|Any CPU
		Release|Any CPU = Release|Any CPU
	EndGlobalSection
	GlobalSection(ProjectConfigurationPlatforms) = postSolution
		{4A9303FE-78F0-4848-8F54-DBB8B2EBCACB}.Debug|Any CPU.ActiveCfg = Debug|Any CPU
		{4A9303FE-78F0-4848-8F54-DBB8B2EBCACB}.Debug|Any CPU.Build.0 = Debug|Any CPU
		{4A9303FE-78F0-4848-8F54-DBB8B2EBCACB}.Release|Any CPU.ActiveCfg = Release|Any CPU
		{4A9303FE-78F0-4848-8F54-DBB8B2EBCACB}.Release|Any CPU.Build.0 = Release|Any CPU
	EndGlobalSection
	GlobalSection(SolutionProperties) = preSolution
		HideSolutionNode = FALSE
	EndGlobalSection
	GlobalSection(ExtensibilityGlobals) = postSolution
		SolutionGuid = {520B61F2-C18B-4AB8-8D61-DAF12A6F9B1B}
	EndGlobalSection
EndGlobal
